
Microsoft Visual Studio Solution File, Format Version 12.00
# Visual Studio Version 16
VisualStudioVersion = 16.0.31205.134
MinimumVisualStudioVersion = 10.0.40219.1
Project("{FAE04EC0-301F-11D3-BF4B-00C04F79EFBC}") = "DataAccess", "DataAccess\DataAccess.csproj", "{BED94880-7067-42AD-896F-4CDD14D0E2E9}"
EndProject
Project("{FAE04EC0-301F-11D3-BF4B-00C04F79EFBC}") = "Business", "Business\Business.csproj", "{246446FB-71E7-4948-90FD-1B8EF55FCF79}"
EndProject
Project("{FAE04EC0-301F-11D3-BF4B-00C04F79EFBC}") = "Entities", "Entities\Entities.csproj", "{56E55E72-A126-4C59-A5AE-96620D8ED1B2}"
EndProject
Project("{FAE04EC0-301F-11D3-BF4B-00C04F79EFBC}") = "ConsoleUI", "ConsoleUI\ConsoleUI.csproj", "{E1901097-0221-4DB3-893B-FA6771C72460}"
EndProject
Global
	GlobalSection(SolutionConfigurationPlatforms) = preSolution
		Debug|Any CPU = Debug|Any CPU
		Release|Any CPU = Release|Any CPU
	EndGlobalSection
	GlobalSection(ProjectConfigurationPlatforms) = postSolution
		{BED94880-7067-42AD-896F-4CDD14D0E2E9}.Debug|Any CPU.ActiveCfg = Debug|Any CPU
		{BED94880-7067-42AD-896F-4CDD14D0E2E9}.Debug|Any CPU.Build.0 = Debug|Any CPU
		{BED94880-7067-42AD-896F-4CDD14D0E2E9}.Release|Any CPU.ActiveCfg = Release|Any CPU
		{BED94880-7067-42AD-896F-4CDD14D0E2E9}.Release|Any CPU.Build.0 = Release|Any CPU
		{246446FB-71E7-4948-90FD-1B8EF55FCF79}.Debug|Any CPU.ActiveCfg = Debug|Any CPU
		{246446FB-71E7-4948-90FD-1B8EF55FCF79}.Debug|Any CPU.Build.0 = Debug|Any CPU
		{246446FB-71E7-4948-90FD-1B8EF55FCF79}.Release|Any CPU.ActiveCfg = Release|Any CPU
		{246446FB-71E7-4948-90FD-1B8EF55FCF79}.Release|Any CPU.Build.0 = Release|Any CPU
		{56E55E72-A126-4C59-A5AE-96620D8ED1B2}.Debug|Any CPU.ActiveCfg = Debug|Any CPU
		{56E55E72-A126-4C59-A5AE-96620D8ED1B2}.Debug|Any CPU.Build.0 = Debug|Any CPU
		{56E55E72-A126-4C59-A5AE-96620D8ED1B2}.Release|Any CPU.ActiveCfg = Release|Any CPU
		{56E55E72-A126-4C59-A5AE-96620D8ED1B2}.Release|Any CPU.Build.0 = Release|Any CPU
		{E1901097-0221-4DB3-893B-FA6771C72460}.Debug|Any CPU.ActiveCfg = Debug|Any CPU
		{E1901097-0221-4DB3-893B-FA6771C72460}.Debug|Any CPU.Build.0 = Debug|Any CPU
		{E1901097-0221-4DB3-893B-FA6771C72460}.Release|Any CPU.ActiveCfg = Release|Any CPU
		{E1901097-0221-4DB3-893B-FA6771C72460}.Release|Any CPU.Build.0 = Release|Any CPU
	EndGlobalSection
	GlobalSection(SolutionProperties) = preSolution
		HideSolutionNode = FALSE
	EndGlobalSection
	GlobalSection(ExtensibilityGlobals) = postSolution
		SolutionGuid = {4026671B-4E0A-4183-A8A8-ACFAD3739F24}
	EndGlobalSection
EndGlobal
